
Microsoft Visual Studio Solution File, Format Version 12.00
# Visual Studio Version 17
VisualStudioVersion = 17.4.33122.133
MinimumVisualStudioVersion = 10.0.40219.1
Project("{FAE04EC0-301F-11D3-BF4B-00C04F79EFBC}") = "Kidney", "Kidney.csproj", "{CC09BA29-52AC-494D-BAEF-66F7A8D44515}"
EndProject
Global
	GlobalSection(SolutionConfigurationPlatforms) = preSolution
		Debug|Any CPU = Debug|Any CPU
		Release|Any CPU = Release|Any CPU
	EndGlobalSection
	GlobalSection(ProjectConfigurationPlatforms) = postSolution
		{CC09BA29-52AC-494D-BAEF-66F7A8D44515}.Debug|Any CPU.ActiveCfg = Debug|Any CPU
		{CC09BA29-52AC-494D-BAEF-66F7A8D44515}.Debug|Any CPU.Build.0 = Debug|Any CPU
		{CC09BA29-52AC-494D-BAEF-66F7A8D44515}.Release|Any CPU.ActiveCfg = Release|Any CPU
		{CC09BA29-52AC-494D-BAEF-66F7A8D44515}.Release|Any CPU.Build.0 = Release|Any CPU
	EndGlobalSection
	GlobalSection(SolutionProperties) = preSolution
		HideSolutionNode = FALSE
	EndGlobalSection
	GlobalSection(ExtensibilityGlobals) = postSolution
		SolutionGuid = {6C39DE63-793F-4E1D-B3B2-7071CE9545C2}
	EndGlobalSection
EndGlobal
